{
  "name": "hattip-nodejs-demo",
  "version": "1.0.0",
  "lockfileVersion": 3,
  "requires": true,
  "packages": {
    "": {
      "name": "hattip-nodejs-demo",
      "version": "1.0.0",
      "license": "ISC",
      "dependencies": {
        "@hattip/adapter-node": "^0.0.44",
        "@hattip/compose": "^0.0.44",
        "@hattip/response": "^0.0.44",
        "@hattip/router": "^0.0.44"
      }
    },
    "node_modules/@hattip/adapter-node": {
      "version": "0.0.44",
      "resolved": "https://registry.npmjs.org/@hattip/adapter-node/-/adapter-node-0.0.44.tgz",
      "integrity": "sha512-Qf0kcrE4yHFrmKgfntrxHGNkk0/9a45aKmAO3ex6OiRKat5DZCFDdFMHV85Z594IohzT7Q+WcWiHQl/b0Jvo7Q==",
      "dependencies": {
        "@hattip/core": "0.0.44",
        "@hattip/polyfills": "0.0.44",
        "@hattip/walk": "0.0.44"
      }
    },
    "node_modules/@hattip/compose": {
      "version": "0.0.44",
      "resolved": "https://registry.npmjs.org/@hattip/compose/-/compose-0.0.44.tgz",
      "integrity": "sha512-0K8fhk3dOI8p6FmCxiGPz5Cr1Svu65Q19/hX2r5OJVdj0U6D/yPzrXyMDQ0Mr8h7PWtAIDCJpa/HxQw+z84HZQ==",
      "dependencies": {
        "@hattip/core": "0.0.44"
      }
    },
    "node_modules/@hattip/core": {
      "version": "0.0.44",
      "resolved": "https://registry.npmjs.org/@hattip/core/-/core-0.0.44.tgz",
      "integrity": "sha512-hW0scygJk2FjC8lL+NAaV8eY5XtseXvX+EyORFgtURJQ33myy/epSFm7uLZcVNVU9aA0C4WyJQSza+U0rxt2Sg=="
    },
    "node_modules/@hattip/headers": {
      "version": "0.0.44",
      "resolved": "https://registry.npmjs.org/@hattip/headers/-/headers-0.0.44.tgz",
      "integrity": "sha512-bwNQ+o8RRTox9FWkmprTP8/rNki9BXkrthCDdnT5zgfkjZk6VFAloV5jmYqnqrNkh3Aw5DFGUcQJRoQBb4aQCw==",
      "dependencies": {
        "@hattip/core": "0.0.44"
      }
    },
    "node_modules/@hattip/polyfills": {
      "version": "0.0.44",
      "resolved": "https://registry.npmjs.org/@hattip/polyfills/-/polyfills-0.0.44.tgz",
      "integrity": "sha512-ldNES22u/135K8Yg6nti1djcwZeIw6e1SY/iqW0qh+AfyYNHuGTix7YL/9OKAD9wbOUj2NHqXYOGCT69NsfIqA==",
      "dependencies": {
        "@hattip/core": "0.0.44",
        "@whatwg-node/fetch": "^0.9.17",
        "node-fetch-native": "^1.6.2"
      }
    },
    "node_modules/@hattip/response": {
      "version": "0.0.44",
      "resolved": "https://registry.npmjs.org/@hattip/response/-/response-0.0.44.tgz",
      "integrity": "sha512-ufwv2eHVbbiGstPmuWEWOuwXX0bZiaNjmru0tf8NAsvd0fmYvYbvLEaMt4lAz5ZBP8FyAGw84YbYMgIP9eCkag==",
      "dependencies": {
        "@hattip/core": "0.0.44"
      }
    },
    "node_modules/@hattip/router": {
      "version": "0.0.44",
      "resolved": "https://registry.npmjs.org/@hattip/router/-/router-0.0.44.tgz",
      "integrity": "sha512-5FPMCe8hxtYLsFAKkwe5yU0L2wBVfb01styoXVEWzqIS+t45YErAx6wJFYSL7Y+9ME/gbcIqlNYo1pOIx47uNw==",
      "dependencies": {
        "@hattip/compose": "0.0.44",
        "@hattip/core": "0.0.44"
      }
    },
    "node_modules/@hattip/walk": {
      "version": "0.0.44",
      "resolved": "https://registry.npmjs.org/@hattip/walk/-/walk-0.0.44.tgz",
      "integrity": "sha512-tjYO71byyQpdsOVKJ4cySAwWSYqU9IWbROiU1D9SqlQyEYN+TOEaB6n8YkX1gyRbLVkMe+/DJcuagm9AQdPO5A==",
      "dependencies": {
        "@hattip/headers": "0.0.44",
        "cac": "^6.7.14",
        "mime-types": "^2.1.35"
      },
      "bin": {
        "hattip-walk": "cli.js"
      }
    },
    "node_modules/@kamilkisiela/fast-url-parser": {
      "version": "1.1.4",
      "resolved": "https://registry.npmjs.org/@kamilkisiela/fast-url-parser/-/fast-url-parser-1.1.4.tgz",
      "integrity": "sha512-gbkePEBupNydxCelHCESvFSFM8XPh1Zs/OAVRW/rKpEqPAl5PbOM90Si8mv9bvnR53uPD2s/FiRxdvSejpRJew=="
    },
    "node_modules/@whatwg-node/events": {
      "version": "0.1.1",
      "resolved": "https://registry.npmjs.org/@whatwg-node/events/-/events-0.1.1.tgz",
      "integrity": "sha512-AyQEn5hIPV7Ze+xFoXVU3QTHXVbWPrzaOkxtENMPMuNL6VVHrp4hHfDt9nrQpjO7BgvuM95dMtkycX5M/DZR3w==",
      "engines": {
        "node": ">=16.0.0"
      }
    },
    "node_modules/@whatwg-node/fetch": {
      "version": "0.9.17",
      "resolved": "https://registry.npmjs.org/@whatwg-node/fetch/-/fetch-0.9.17.tgz",
      "integrity": "sha512-TDYP3CpCrxwxpiNY0UMNf096H5Ihf67BK1iKGegQl5u9SlpEDYrvnV71gWBGJm+Xm31qOy8ATgma9rm8Pe7/5Q==",
      "dependencies": {
        "@whatwg-node/node-fetch": "^0.5.7",
        "urlpattern-polyfill": "^10.0.0"
      },
      "engines": {
        "node": ">=16.0.0"
      }
    },
    "node_modules/@whatwg-node/node-fetch": {
      "version": "0.5.8",
      "resolved": "https://registry.npmjs.org/@whatwg-node/node-fetch/-/node-fetch-0.5.8.tgz",
      "integrity": "sha512-rB+2P3oi9fD4TcsijkflJAQqOh4yZrPgOV4fGaDgCdOqqwTicJvL2nnVbr3comW8bxEuypOcyE1AtBtkpip0Gw==",
      "dependencies": {
        "@kamilkisiela/fast-url-parser": "^1.1.4",
        "@whatwg-node/events": "^0.1.0",
        "busboy": "^1.6.0",
        "fast-querystring": "^1.1.1",
        "tslib": "^2.3.1"
      },
      "engines": {
        "node": ">=16.0.0"
      }
    },
    "node_modules/busboy": {
      "version": "1.6.0",
      "resolved": "https://registry.npmjs.org/busboy/-/busboy-1.6.0.tgz",
      "integrity": "sha512-8SFQbg/0hQ9xy3UNTB0YEnsNBbWfhf7RtnzpL7TkBiTBRfrQ9Fxcnz7VJsleJpyp6rVLvXiuORqjlHi5q+PYuA==",
      "dependencies": {
        "streamsearch": "^1.1.0"
      },
      "engines": {
        "node": ">=10.16.0"
      }
    },
    "node_modules/cac": {
      "version": "6.7.14",
      "resolved": "https://registry.npmjs.org/cac/-/cac-6.7.14.tgz",
      "integrity": "sha512-b6Ilus+c3RrdDk+JhLKUAQfzzgLEPy6wcXqS7f/xe1EETvsDP6GORG7SFuOs6cID5YkqchW/LXZbX5bc8j7ZcQ==",
      "engines": {
        "node": ">=8"
      }
    },
    "node_modules/fast-decode-uri-component": {
      "version": "1.0.1",
      "resolved": "https://registry.npmjs.org/fast-decode-uri-component/-/fast-decode-uri-component-1.0.1.tgz",
      "integrity": "sha512-WKgKWg5eUxvRZGwW8FvfbaH7AXSh2cL+3j5fMGzUMCxWBJ3dV3a7Wz8y2f/uQ0e3B6WmodD3oS54jTQ9HVTIIg=="
    },
    "node_modules/fast-querystring": {
      "version": "1.1.2",
      "resolved": "https://registry.npmjs.org/fast-querystring/-/fast-querystring-1.1.2.tgz",
      "integrity": "sha512-g6KuKWmFXc0fID8WWH0jit4g0AGBoJhCkJMb1RmbsSEUNvQ+ZC8D6CUZ+GtF8nMzSPXnhiePyyqqipzNNEnHjg==",
      "dependencies": {
        "fast-decode-uri-component": "^1.0.1"
      }
    },
    "node_modules/mime-db": {
      "version": "1.52.0",
      "resolved": "https://registry.npmjs.org/mime-db/-/mime-db-1.52.0.tgz",
      "integrity": "sha512-sPU4uV7dYlvtWJxwwxHD0PuihVNiE7TyAbQ5SWxDCB9mUYvOgroQOwYQQOKPJ8CIbE+1ETVlOoK1UC2nU3gYvg==",
      "engines": {
        "node": ">= 0.6"
      }
    },
    "node_modules/mime-types": {
      "version": "2.1.35",
      "resolved": "https://registry.npmjs.org/mime-types/-/mime-types-2.1.35.tgz",
      "integrity": "sha512-ZDY+bPm5zTTF+YpCrAU9nK0UgICYPT0QtT1NZWFv4s++TNkcgVaT0g6+4R2uI4MjQjzysHB1zxuWL50hzaeXiw==",
      "dependencies": {
        "mime-db": "1.52.0"
      },
      "engines": {
        "node": ">= 0.6"
      }
    },
    "node_modules/node-fetch-native": {
      "version": "1.6.2",
      "resolved": "https://registry.npmjs.org/node-fetch-native/-/node-fetch-native-1.6.2.tgz",
      "integrity": "sha512-69mtXOFZ6hSkYiXAVB5SqaRvrbITC/NPyqv7yuu/qw0nmgPyYbIMYYNIDhNtwPrzk0ptrimrLz/hhjvm4w5Z+w=="
    },
    "node_modules/streamsearch": {
      "version": "1.1.0",
      "resolved": "https://registry.npmjs.org/streamsearch/-/streamsearch-1.1.0.tgz",
      "integrity": "sha512-Mcc5wHehp9aXz1ax6bZUyY5afg9u2rv5cqQI3mRrYkGC8rW2hM02jWuwjtL++LS5qinSyhj2QfLyNsuc+VsExg==",
      "engines": {
        "node": ">=10.0.0"
      }
    },
    "node_modules/tslib": {
      "version": "2.6.2",
      "resolved": "https://registry.npmjs.org/tslib/-/tslib-2.6.2.tgz",
      "integrity": "sha512-AEYxH93jGFPn/a2iVAwW87VuUIkR1FVUKB77NwMF7nBTDkDrrT/Hpt/IrCJ0QXhW27jTBDcf5ZY7w6RiqTMw2Q=="
    },
    "node_modules/urlpattern-polyfill": {
      "version": "10.0.0",
      "resolved": "https://registry.npmjs.org/urlpattern-polyfill/-/urlpattern-polyfill-10.0.0.tgz",
      "integrity": "sha512-H/A06tKD7sS1O1X2SshBVeA5FLycRpjqiBeqGKmBwBDBy28EnRjORxTNe269KSSr5un5qyWi1iL61wLxpd+ZOg=="
    }
  }
}
